// !$*UTF8*$!
{
	archiveVersion = 1;
	classes = {
	};
	objectVersion = 55;
	objects = {

/* Begin PBXBuildFile section */
		6393FB032807C68700766CED /* MyStocksApp.swift in Sources */ = {isa = PBXBuildFile; fileRef = 6393FB022807C68700766CED /* MyStocksApp.swift */; };
		6393FB052807C68700766CED /* ContentView.swift in Sources */ = {isa = PBXBuildFile; fileRef = 6393FB042807C68700766CED /* ContentView.swift */; };
		6393FB072807C68800766CED /* Assets.xcassets in Resources */ = {isa = PBXBuildFile; fileRef = 6393FB062807C68800766CED /* Assets.xcassets */; };
		6393FB0A2807C68800766CED /* Preview Assets.xcassets in Resources */ = {isa = PBXBuildFile; fileRef = 6393FB092807C68800766CED /* Preview Assets.xcassets */; };
		6393FB1A2807C6E200766CED /* Array+Extensions.swift in Sources */ = {isa = PBXBuildFile; fileRef = 6393FB112807C6E200766CED /* Array+Extensions.swift */; };
		6393FB1B2807C6E200766CED /* NetworkManager.swift in Sources */ = {isa = PBXBuildFile; fileRef = 6393FB122807C6E200766CED /* NetworkManager.swift */; };
		6393FB1C2807C6E200766CED /* ImageCache.swift in Sources */ = {isa = PBXBuildFile; fileRef = 6393FB142807C6E200766CED /* ImageCache.swift */; };
		6393FB1D2807C6E200766CED /* ImageLoader.swift in Sources */ = {isa = PBXBuildFile; fileRef = 6393FB152807C6E200766CED /* ImageLoader.swift */; };
		6393FB1E2807C6E200766CED /* AsyncImage.swift in Sources */ = {isa = PBXBuildFile; fileRef = 6393FB162807C6E200766CED /* AsyncImage.swift */; };
		6393FB1F2807C6E200766CED /* ImageCacheKey.swift in Sources */ = {isa = PBXBuildFile; fileRef = 6393FB172807C6E200766CED /* ImageCacheKey.swift */; };
		6393FB202807C6E200766CED /* UserDefaultsManager.swift in Sources */ = {isa = PBXBuildFile; fileRef = 6393FB182807C6E200766CED /* UserDefaultsManager.swift */; };
		6393FB212807C6E200766CED /* CustomTextField.swift in Sources */ = {isa = PBXBuildFile; fileRef = 6393FB192807C6E200766CED /* CustomTextField.swift */; };
		6393FB442807C6EE00766CED /* MockQuoteManager.swift in Sources */ = {isa = PBXBuildFile; fileRef = 6393FB252807C6EE00766CED /* MockQuoteManager.swift */; };
		6393FB452807C6EE00766CED /* StockQuoteManager.swift in Sources */ = {isa = PBXBuildFile; fileRef = 6393FB262807C6EE00766CED /* StockQuoteManager.swift */; };
		6393FB462807C6EE00766CED /* QuoteManagerProtocol.swift in Sources */ = {isa = PBXBuildFile; fileRef = 6393FB272807C6EE00766CED /* QuoteManagerProtocol.swift */; };
		6393FB472807C6EE00766CED /* API.swift in Sources */ = {isa = PBXBuildFile; fileRef = 6393FB282807C6EE00766CED /* API.swift */; };
		6393FB482807C6EE00766CED /* GlobalQuote.swift in Sources */ = {isa = PBXBuildFile; fileRef = 6393FB2A2807C6EE00766CED /* GlobalQuote.swift */; };
		6393FB492807C6EE00766CED /* Quote.swift in Sources */ = {isa = PBXBuildFile; fileRef = 6393FB2B2807C6EE00766CED /* Quote.swift */; };
		6393FB4A2807C6EE00766CED /* QuoteCell.swift in Sources */ = {isa = PBXBuildFile; fileRef = 6393FB2E2807C6EE00766CED /* QuoteCell.swift */; };
		6393FB4B2807C6EE00766CED /* MiniQuoteView.swift in Sources */ = {isa = PBXBuildFile; fileRef = 6393FB2F2807C6EE00766CED /* MiniQuoteView.swift */; };
		6393FB4C2807C6EE00766CED /* SearchTextView.swift in Sources */ = {isa = PBXBuildFile; fileRef = 6393FB302807C6EE00766CED /* SearchTextView.swift */; };
		6393FB4D2807C6EE00766CED /* HeaderView.swift in Sources */ = {isa = PBXBuildFile; fileRef = 6393FB312807C6EE00766CED /* HeaderView.swift */; };
		6393FB4E2807C6EE00766CED /* SearchResponse.swift in Sources */ = {isa = PBXBuildFile; fileRef = 6393FB342807C6EE00766CED /* SearchResponse.swift */; };
		6393FB4F2807C6EE00766CED /* Match.swift in Sources */ = {isa = PBXBuildFile; fileRef = 6393FB352807C6EE00766CED /* Match.swift */; };
		6393FB502807C6EE00766CED /* SearchView.swift in Sources */ = {isa = PBXBuildFile; fileRef = 6393FB372807C6EE00766CED /* SearchView.swift */; };
		6393FB512807C6EE00766CED /* SearchManager.swift in Sources */ = {isa = PBXBuildFile; fileRef = 6393FB382807C6EE00766CED /* SearchManager.swift */; };
		6393FB532807C6EE00766CED /* Article.swift in Sources */ = {isa = PBXBuildFile; fileRef = 6393FB3C2807C6EE00766CED /* Article.swift */; };
		6393FB542807C6EE00766CED /* NewsAPI.swift in Sources */ = {isa = PBXBuildFile; fileRef = 6393FB3D2807C6EE00766CED /* NewsAPI.swift */; };
		6393FB552807C6EE00766CED /* NewsDownloadManager.swift in Sources */ = {isa = PBXBuildFile; fileRef = 6393FB3E2807C6EE00766CED /* NewsDownloadManager.swift */; };
		6393FB562807C6EE00766CED /* NewsSheetView.swift in Sources */ = {isa = PBXBuildFile; fileRef = 6393FB402807C6EE00766CED /* NewsSheetView.swift */; };
		6393FB572807C6EE00766CED /* BottomSheetView.swift in Sources */ = {isa = PBXBuildFile; fileRef = 6393FB412807C6EE00766CED /* BottomSheetView.swift */; };
		6393FB582807C6EE00766CED /* NewsHeaderView.swift in Sources */ = {isa = PBXBuildFile; fileRef = 6393FB422807C6EE00766CED /* NewsHeaderView.swift */; };
		6393FB592807C6EE00766CED /* NewsListView.swift in Sources */ = {isa = PBXBuildFile; fileRef = 6393FB432807C6EE00766CED /* NewsListView.swift */; };
		6393FB5C2807C78900766CED /* BetterSafariView in Frameworks */ = {isa = PBXBuildFile; productRef = 6393FB5B2807C78900766CED /* BetterSafariView */; };
		6393FB5E2808D87400766CED /* TextField+ViewModifier.swift in Sources */ = {isa = PBXBuildFile; fileRef = 6393FB5D2808D87400766CED /* TextField+ViewModifier.swift */; };
		6393FB60280A2A2900766CED /* Stock.swift in Sources */ = {isa = PBXBuildFile; fileRef = 6393FB5F280A2A2900766CED /* Stock.swift */; };
		6393FB62280A63B000766CED /* String+Extensions.swift in Sources */ = {isa = PBXBuildFile; fileRef = 6393FB61280A63B000766CED /* String+Extensions.swift */; };
		6393FB64280A63E100766CED /* Double+Extensions.swift in Sources */ = {isa = PBXBuildFile; fileRef = 6393FB63280A63E100766CED /* Double+Extensions.swift */; };
/* End PBXBuildFile section */

/* Begin PBXFileReference section */
		6393FAFF2807C68700766CED /* MyStocks.app */ = {isa = PBXFileReference; explicitFileType = wrapper.application; includeInIndex = 0; path = MyStocks.app; sourceTree = BUILT_PRODUCTS_DIR; };
		6393FB022807C68700766CED /* MyStocksApp.swift */ = {isa = PBXFileReference; lastKnownFileType = sourcecode.swift; path = MyStocksApp.swift; sourceTree = "<group>"; };
		6393FB042807C68700766CED /* ContentView.swift */ = {isa = PBXFileReference; lastKnownFileType = sourcecode.swift; path = ContentView.swift; sourceTree = "<group>"; };
		6393FB062807C68800766CED /* Assets.xcassets */ = {isa = PBXFileReference; lastKnownFileType = folder.assetcatalog; path = Assets.xcassets; sourceTree = "<group>"; };
		6393FB092807C68800766CED /* Preview Assets.xcassets */ = {isa = PBXFileReference; lastKnownFileType = folder.assetcatalog; path = "Preview Assets.xcassets"; sourceTree = "<group>"; };
		6393FB112807C6E200766CED /* Array+Extensions.swift */ = {isa = PBXFileReference; fileEncoding = 4; lastKnownFileType = sourcecode.swift; path = "Array+Extensions.swift"; sourceTree = "<group>"; };
		6393FB122807C6E200766CED /* NetworkManager.swift */ = {isa = PBXFileReference; fileEncoding = 4; lastKnownFileType = sourcecode.swift; path = NetworkManager.swift; sourceTree = "<group>"; };
		6393FB142807C6E200766CED /* ImageCache.swift */ = {isa = PBXFileReference; fileEncoding = 4; lastKnownFileType = sourcecode.swift; path = ImageCache.swift; sourceTree = "<group>"; };
		6393FB152807C6E200766CED /* ImageLoader.swift */ = {isa = PBXFileReference; fileEncoding = 4; lastKnownFileType = sourcecode.swift; path = ImageLoader.swift; sourceTree = "<group>"; };
		6393FB162807C6E200766CED /* AsyncImage.swift */ = {isa = PBXFileReference; fileEncoding = 4; lastKnownFileType = sourcecode.swift; path = AsyncImage.swift; sourceTree = "<group>"; };
		6393FB172807C6E200766CED /* ImageCacheKey.swift */ = {isa = PBXFileReference; fileEncoding = 4; lastKnownFileType = sourcecode.swift; path = ImageCacheKey.swift; sourceTree = "<group>"; };
		6393FB182807C6E200766CED /* UserDefaultsManager.swift */ = {isa = PBXFileReference; fileEncoding = 4; lastKnownFileType = sourcecode.swift; path = UserDefaultsManager.swift; sourceTree = "<group>"; };
		6393FB192807C6E200766CED /* CustomTextField.swift */ = {isa = PBXFileReference; fileEncoding = 4; lastKnownFileType = sourcecode.swift; path = CustomTextField.swift; sourceTree = "<group>"; };
		6393FB252807C6EE00766CED /* MockQuoteManager.swift */ = {isa = PBXFileReference; fileEncoding = 4; lastKnownFileType = sourcecode.swift; path = MockQuoteManager.swift; sourceTree = "<group>"; };
		6393FB262807C6EE00766CED /* StockQuoteManager.swift */ = {isa = PBXFileReference; fileEncoding = 4; lastKnownFileType = sourcecode.swift; path = StockQuoteManager.swift; sourceTree = "<group>"; };
		6393FB272807C6EE00766CED /* QuoteManagerProtocol.swift */ = {isa = PBXFileReference; fileEncoding = 4; lastKnownFileType = sourcecode.swift; path = QuoteManagerProtocol.swift; sourceTree = "<group>"; };
		6393FB282807C6EE00766CED /* API.swift */ = {isa = PBXFileReference; fileEncoding = 4; lastKnownFileType = sourcecode.swift; path = API.swift; sourceTree = "<group>"; };
		6393FB2A2807C6EE00766CED /* GlobalQuote.swift */ = {isa = PBXFileReference; fileEncoding = 4; lastKnownFileType = sourcecode.swift; path = GlobalQuote.swift; sourceTree = "<group>"; };
		6393FB2B2807C6EE00766CED /* Quote.swift */ = {isa = PBXFileReference; fileEncoding = 4; lastKnownFileType = sourcecode.swift; path = Quote.swift; sourceTree = "<group>"; };
		6393FB2E2807C6EE00766CED /* QuoteCell.swift */ = {isa = PBXFileReference; fileEncoding = 4; lastKnownFileType = sourcecode.swift; path = QuoteCell.swift; sourceTree = "<group>"; };
		6393FB2F2807C6EE00766CED /* MiniQuoteView.swift */ = {isa = PBXFileReference; fileEncoding = 4; lastKnownFileType = sourcecode.swift; path = MiniQuoteView.swift; sourceTree = "<group>"; };
		6393FB302807C6EE00766CED /* SearchTextView.swift */ = {isa = PBXFileReference; fileEncoding = 4; lastKnownFileType = sourcecode.swift; path = SearchTextView.swift; sourceTree = "<group>"; };
		6393FB312807C6EE00766CED /* HeaderView.swift */ = {isa = PBXFileReference; fileEncoding = 4; lastKnownFileType = sourcecode.swift; path = HeaderView.swift; sourceTree = "<group>"; };
		6393FB342807C6EE00766CED /* SearchResponse.swift */ = {isa = PBXFileReference; fileEncoding = 4; lastKnownFileType = sourcecode.swift; path = SearchResponse.swift; sourceTree = "<group>"; };
		6393FB352807C6EE00766CED /* Match.swift */ = {isa = PBXFileReference; fileEncoding = 4; lastKnownFileType = sourcecode.swift; path = Match.swift; sourceTree = "<group>"; };
		6393FB372807C6EE00766CED /* SearchView.swift */ = {isa = PBXFileReference; fileEncoding = 4; lastKnownFileType = sourcecode.swift; path = SearchView.swift; sourceTree = "<group>"; };
		6393FB382807C6EE00766CED /* SearchManager.swift */ = {isa = PBXFileReference; fileEncoding = 4; lastKnownFileType = sourcecode.swift; path = SearchManager.swift; sourceTree = "<group>"; };
		6393FB3C2807C6EE00766CED /* Article.swift */ = {isa = PBXFileReference; fileEncoding = 4; lastKnownFileType = sourcecode.swift; path = Article.swift; sourceTree = "<group>"; };
		6393FB3D2807C6EE00766CED /* NewsAPI.swift */ = {isa = PBXFileReference; fileEncoding = 4; lastKnownFileType = sourcecode.swift; path = NewsAPI.swift; sourceTree = "<group>"; };
		6393FB3E2807C6EE00766CED /* NewsDownloadManager.swift */ = {isa = PBXFileReference; fileEncoding = 4; lastKnownFileType = sourcecode.swift; path = NewsDownloadManager.swift; sourceTree = "<group>"; };
		6393FB402807C6EE00766CED /* NewsSheetView.swift */ = {isa = PBXFileReference; fileEncoding = 4; lastKnownFileType = sourcecode.swift; path = NewsSheetView.swift; sourceTree = "<group>"; };
		6393FB412807C6EE00766CED /* BottomSheetView.swift */ = {isa = PBXFileReference; fileEncoding = 4; lastKnownFileType = sourcecode.swift; path = BottomSheetView.swift; sourceTree = "<group>"; };
		6393FB422807C6EE00766CED /* NewsHeaderView.swift */ = {isa = PBXFileReference; fileEncoding = 4; lastKnownFileType = sourcecode.swift; path = NewsHeaderView.swift; sourceTree = "<group>"; };
		6393FB432807C6EE00766CED /* NewsListView.swift */ = {isa = PBXFileReference; fileEncoding = 4; lastKnownFileType = sourcecode.swift; path = NewsListView.swift; sourceTree = "<group>"; };
		6393FB5D2808D87400766CED /* TextField+ViewModifier.swift */ = {isa = PBXFileReference; lastKnownFileType = sourcecode.swift; path = "TextField+ViewModifier.swift"; sourceTree = "<group>"; };
		6393FB5F280A2A2900766CED /* Stock.swift */ = {isa = PBXFileReference; lastKnownFileType = sourcecode.swift; path = Stock.swift; sourceTree = "<group>"; };
		6393FB61280A63B000766CED /* String+Extensions.swift */ = {isa = PBXFileReference; lastKnownFileType = sourcecode.swift; path = "String+Extensions.swift"; sourceTree = "<group>"; };
		6393FB63280A63E100766CED /* Double+Extensions.swift */ = {isa = PBXFileReference; lastKnownFileType = sourcecode.swift; path = "Double+Extensions.swift"; sourceTree = "<group>"; };
/* End PBXFileReference section */

/* Begin PBXFrameworksBuildPhase section */
		6393FAFC2807C68700766CED /* Frameworks */ = {
			isa = PBXFrameworksBuildPhase;
			buildActionMask = 2147483647;
			files = (
				6393FB5C2807C78900766CED /* BetterSafariView in Frameworks */,
			);
			runOnlyForDeploymentPostprocessing = 0;
		};
/* End PBXFrameworksBuildPhase section */

/* Begin PBXGroup section */
		6393FAF62807C68700766CED = {
			isa = PBXGroup;
			children = (
				6393FB012807C68700766CED /* MyStocks */,
				6393FB002807C68700766CED /* Products */,
			);
			sourceTree = "<group>";
		};
		6393FB002807C68700766CED /* Products */ = {
			isa = PBXGroup;
			children = (
				6393FAFF2807C68700766CED /* MyStocks.app */,
			);
			name = Products;
			sourceTree = "<group>";
		};
		6393FB012807C68700766CED /* MyStocks */ = {
			isa = PBXGroup;
			children = (
				6393FB022807C68700766CED /* MyStocksApp.swift */,
				6393FB042807C68700766CED /* ContentView.swift */,
				6393FB222807C6EE00766CED /* Features */,
				6393FB102807C6E200766CED /* Utils */,
				6393FB062807C68800766CED /* Assets.xcassets */,
				6393FB082807C68800766CED /* Preview Content */,
			);
			path = MyStocks;
			sourceTree = "<group>";
		};
		6393FB082807C68800766CED /* Preview Content */ = {
			isa = PBXGroup;
			children = (
				6393FB092807C68800766CED /* Preview Assets.xcassets */,
			);
			path = "Preview Content";
			sourceTree = "<group>";
		};
		6393FB102807C6E200766CED /* Utils */ = {
			isa = PBXGroup;
			children = (
				6393FB112807C6E200766CED /* Array+Extensions.swift */,
				6393FB61280A63B000766CED /* String+Extensions.swift */,
				6393FB63280A63E100766CED /* Double+Extensions.swift */,
				6393FB122807C6E200766CED /* NetworkManager.swift */,
				6393FB132807C6E200766CED /* AyncImage */,
				6393FB182807C6E200766CED /* UserDefaultsManager.swift */,
				6393FB192807C6E200766CED /* CustomTextField.swift */,
				6393FB5D2808D87400766CED /* TextField+ViewModifier.swift */,
			);
			path = Utils;
			sourceTree = "<group>";
		};
		6393FB132807C6E200766CED /* AyncImage */ = {
			isa = PBXGroup;
			children = (
				6393FB142807C6E200766CED /* ImageCache.swift */,
				6393FB152807C6E200766CED /* ImageLoader.swift */,
				6393FB162807C6E200766CED /* AsyncImage.swift */,
				6393FB172807C6E200766CED /* ImageCacheKey.swift */,
			);
			path = AyncImage;
			sourceTree = "<group>";
		};
		6393FB222807C6EE00766CED /* Features */ = {
			isa = PBXGroup;
			children = (
				6393FB232807C6EE00766CED /* Quotes */,
				6393FB322807C6EE00766CED /* Search */,
				6393FB392807C6EE00766CED /* News */,
			);
			path = Features;
			sourceTree = "<group>";
		};
		6393FB232807C6EE00766CED /* Quotes */ = {
			isa = PBXGroup;
			children = (
				6393FB242807C6EE00766CED /* Managers */,
				6393FB292807C6EE00766CED /* Models */,
				6393FB2C2807C6EE00766CED /* Views */,
			);
			path = Quotes;
			sourceTree = "<group>";
		};
		6393FB242807C6EE00766CED /* Managers */ = {
			isa = PBXGroup;
			children = (
				6393FB252807C6EE00766CED /* MockQuoteManager.swift */,
				6393FB262807C6EE00766CED /* StockQuoteManager.swift */,
				6393FB272807C6EE00766CED /* QuoteManagerProtocol.swift */,
				6393FB282807C6EE00766CED /* API.swift */,
			);
			path = Managers;
			sourceTree = "<group>";
		};
		6393FB292807C6EE00766CED /* Models */ = {
			isa = PBXGroup;
			children = (
				6393FB2A2807C6EE00766CED /* GlobalQuote.swift */,
				6393FB2B2807C6EE00766CED /* Quote.swift */,
			);
			path = Models;
			sourceTree = "<group>";
		};
		6393FB2C2807C6EE00766CED /* Views */ = {
			isa = PBXGroup;
			children = (
				6393FB2D2807C6EE00766CED /* Home */,
			);
			path = Views;
			sourceTree = "<group>";
		};
		6393FB2D2807C6EE00766CED /* Home */ = {
			isa = PBXGroup;
			children = (
				6393FB2E2807C6EE00766CED /* QuoteCell.swift */,
				6393FB2F2807C6EE00766CED /* MiniQuoteView.swift */,
				6393FB302807C6EE00766CED /* SearchTextView.swift */,
				6393FB312807C6EE00766CED /* HeaderView.swift */,
			);
			path = Home;
			sourceTree = "<group>";
		};
		6393FB322807C6EE00766CED /* Search */ = {
			isa = PBXGroup;
			children = (
				6393FB332807C6EE00766CED /* Models */,
				6393FB362807C6EE00766CED /* Views */,
				6393FB382807C6EE00766CED /* SearchManager.swift */,
			);
			path = Search;
			sourceTree = "<group>";
		};
		6393FB332807C6EE00766CED /* Models */ = {
			isa = PBXGroup;
			children = (
				6393FB342807C6EE00766CED /* SearchResponse.swift */,
				6393FB352807C6EE00766CED /* Match.swift */,
				6393FB5F280A2A2900766CED /* Stock.swift */,
			);
			path = Models;
			sourceTree = "<group>";
		};
		6393FB362807C6EE00766CED /* Views */ = {
			isa = PBXGroup;
			children = (
				6393FB372807C6EE00766CED /* SearchView.swift */,
			);
			path = Views;
			sourceTree = "<group>";
		};
		6393FB392807C6EE00766CED /* News */ = {
			isa = PBXGroup;
			children = (
				6393FB3A2807C6EE00766CED /* Models */,
				6393FB3E2807C6EE00766CED /* NewsDownloadManager.swift */,
				6393FB3F2807C6EE00766CED /* Views */,
			);
			path = News;
			sourceTree = "<group>";
		};
		6393FB3A2807C6EE00766CED /* Models */ = {
			isa = PBXGroup;
			children = (
				6393FB3C2807C6EE00766CED /* Article.swift */,
				6393FB3D2807C6EE00766CED /* NewsAPI.swift */,
			);
			path = Models;
			sourceTree = "<group>";
		};
		6393FB3F2807C6EE00766CED /* Views */ = {
			isa = PBXGroup;
			children = (
				6393FB402807C6EE00766CED /* NewsSheetView.swift */,
				6393FB412807C6EE00766CED /* BottomSheetView.swift */,
				6393FB422807C6EE00766CED /* NewsHeaderView.swift */,
				6393FB432807C6EE00766CED /* NewsListView.swift */,
			);
			path = Views;
			sourceTree = "<group>";
		};
/* End PBXGroup section */

/* Begin PBXNativeTarget section */
		6393FAFE2807C68700766CED /* MyStocks */ = {
			isa = PBXNativeTarget;
			buildConfigurationList = 6393FB0D2807C68800766CED /* Build configuration list for PBXNativeTarget "MyStocks" */;
			buildPhases = (
				6393FAFB2807C68700766CED /* Sources */,
				6393FAFC2807C68700766CED /* Frameworks */,
				6393FAFD2807C68700766CED /* Resources */,
			);
			buildRules = (
			);
			dependencies = (
			);
			name = MyStocks;
			packageProductDependencies = (
				6393FB5B2807C78900766CED /* BetterSafariView */,
			);
			productName = MyStocks;
			productReference = 6393FAFF2807C68700766CED /* MyStocks.app */;
			productType = "com.apple.product-type.application";
		};
/* End PBXNativeTarget section */

/* Begin PBXProject section */
		6393FAF72807C68700766CED /* Project object */ = {
			isa = PBXProject;
			attributes = {
				BuildIndependentTargetsInParallel = 1;
				LastSwiftUpdateCheck = 1330;
				LastUpgradeCheck = 1330;
				TargetAttributes = {
					6393FAFE2807C68700766CED = {
						CreatedOnToolsVersion = 13.3;
					};
				};
			};
			buildConfigurationList = 6393FAFA2807C68700766CED /* Build configuration list for PBXProject "MyStocks" */;
			compatibilityVersion = "Xcode 13.0";
			developmentRegion = en;
			hasScannedForEncodings = 0;
			knownRegions = (
				en,
				Base,
			);
			mainGroup = 6393FAF62807C68700766CED;
			packageReferences = (
				6393FB5A2807C78900766CED /* XCRemoteSwiftPackageReference "BetterSafariView" */,
			);
			productRefGroup = 6393FB002807C68700766CED /* Products */;
			projectDirPath = "";
			projectRoot = "";
			targets = (
				6393FAFE2807C68700766CED /* MyStocks */,
			);
		};
/* End PBXProject section */

/* Begin PBXResourcesBuildPhase section */
		6393FAFD2807C68700766CED /* Resources */ = {
			isa = PBXResourcesBuildPhase;
			buildActionMask = 2147483647;
			files = (
				6393FB0A2807C68800766CED /* Preview Assets.xcassets in Resources */,
				6393FB072807C68800766CED /* Assets.xcassets in Resources */,
			);
			runOnlyForDeploymentPostprocessing = 0;
		};
/* End PBXResourcesBuildPhase section */

/* Begin PBXSourcesBuildPhase section */
		6393FAFB2807C68700766CED /* Sources */ = {
			isa = PBXSourcesBuildPhase;
			buildActionMask = 2147483647;
			files = (
				6393FB1E2807C6E200766CED /* AsyncImage.swift in Sources */,
				6393FB592807C6EE00766CED /* NewsListView.swift in Sources */,
				6393FB1C2807C6E200766CED /* ImageCache.swift in Sources */,
				6393FB482807C6EE00766CED /* GlobalQuote.swift in Sources */,
				6393FB562807C6EE00766CED /* NewsSheetView.swift in Sources */,
				6393FB1B2807C6E200766CED /* NetworkManager.swift in Sources */,
				6393FB4B2807C6EE00766CED /* MiniQuoteView.swift in Sources */,
				6393FB492807C6EE00766CED /* Quote.swift in Sources */,
				6393FB442807C6EE00766CED /* MockQuoteManager.swift in Sources */,
				6393FB1D2807C6E200766CED /* ImageLoader.swift in Sources */,
				6393FB212807C6E200766CED /* CustomTextField.swift in Sources */,
				6393FB4C2807C6EE00766CED /* SearchTextView.swift in Sources */,
				6393FB64280A63E100766CED /* Double+Extensions.swift in Sources */,
				6393FB572807C6EE00766CED /* BottomSheetView.swift in Sources */,
				6393FB472807C6EE00766CED /* API.swift in Sources */,
				6393FB542807C6EE00766CED /* NewsAPI.swift in Sources */,
				6393FB62280A63B000766CED /* String+Extensions.swift in Sources */,
				6393FB552807C6EE00766CED /* NewsDownloadManager.swift in Sources */,
				6393FB4F2807C6EE00766CED /* Match.swift in Sources */,
				6393FB052807C68700766CED /* ContentView.swift in Sources */,
				6393FB60280A2A2900766CED /* Stock.swift in Sources */,
				6393FB502807C6EE00766CED /* SearchView.swift in Sources */,
				6393FB5E2808D87400766CED /* TextField+ViewModifier.swift in Sources */,
				6393FB202807C6E200766CED /* UserDefaultsManager.swift in Sources */,
				6393FB512807C6EE00766CED /* SearchManager.swift in Sources */,
				6393FB4A2807C6EE00766CED /* QuoteCell.swift in Sources */,
				6393FB4E2807C6EE00766CED /* SearchResponse.swift in Sources */,
				6393FB582807C6EE00766CED /* NewsHeaderView.swift in Sources */,
				6393FB1A2807C6E200766CED /* Array+Extensions.swift in Sources */,
				6393FB4D2807C6EE00766CED /* HeaderView.swift in Sources */,
				6393FB1F2807C6E200766CED /* ImageCacheKey.swift in Sources */,
				6393FB462807C6EE00766CED /* QuoteManagerProtocol.swift in Sources */,
				6393FB032807C68700766CED /* MyStocksApp.swift in Sources */,
				6393FB532807C6EE00766CED /* Article.swift in Sources */,
				6393FB452807C6EE00766CED /* StockQuoteManager.swift in Sources */,
			);
			runOnlyForDeploymentPostprocessing = 0;
		};
/* End PBXSourcesBuildPhase section */

/* Begin XCBuildConfiguration section */
		6393FB0B2807C68800766CED /* Debug */ = {
			isa = XCBuildConfiguration;
			buildSettings = {
				ALWAYS_SEARCH_USER_PATHS = NO;
				CLANG_ANALYZER_NONNULL = YES;
				CLANG_ANALYZER_NUMBER_OBJECT_CONVERSION = YES_AGGRESSIVE;
				CLANG_CXX_LANGUAGE_STANDARD = "gnu++17";
				CLANG_ENABLE_MODULES = YES;
				CLANG_ENABLE_OBJC_ARC = YES;
				CLANG_ENABLE_OBJC_WEAK = YES;
				CLANG_WARN_BLOCK_CAPTURE_AUTORELEASING = YES;
				CLANG_WARN_BOOL_CONVERSION = YES;
				CLANG_WARN_COMMA = YES;
				CLANG_WARN_CONSTANT_CONVERSION = YES;
				CLANG_WARN_DEPRECATED_OBJC_IMPLEMENTATIONS = YES;
				CLANG_WARN_DIRECT_OBJC_ISA_USAGE = YES_ERROR;
				CLANG_WARN_DOCUMENTATION_COMMENTS = YES;
				CLANG_WARN_EMPTY_BODY = YES;
				CLANG_WARN_ENUM_CONVERSION = YES;
				CLANG_WARN_INFINITE_RECURSION = YES;
				CLANG_WARN_INT_CONVERSION = YES;
				CLANG_WARN_NON_LITERAL_NULL_CONVERSION = YES;
				CLANG_WARN_OBJC_IMPLICIT_RETAIN_SELF = YES;
				CLANG_WARN_OBJC_LITERAL_CONVERSION = YES;
				CLANG_WARN_OBJC_ROOT_CLASS = YES_ERROR;
				CLANG_WARN_QUOTED_INCLUDE_IN_FRAMEWORK_HEADER = YES;
				CLANG_WARN_RANGE_LOOP_ANALYSIS = YES;
				CLANG_WARN_STRICT_PROTOTYPES = YES;
				CLANG_WARN_SUSPICIOUS_MOVE = YES;
				CLANG_WARN_UNGUARDED_AVAILABILITY = YES_AGGRESSIVE;
				CLANG_WARN_UNREACHABLE_CODE = YES;
				CLANG_WARN__DUPLICATE_METHOD_MATCH = YES;
				COPY_PHASE_STRIP = NO;
				DEBUG_INFORMATION_FORMAT = dwarf;
				ENABLE_STRICT_OBJC_MSGSEND = YES;
				ENABLE_TESTABILITY = YES;
				GCC_C_LANGUAGE_STANDARD = gnu11;
				GCC_DYNAMIC_NO_PIC = NO;
				GCC_NO_COMMON_BLOCKS = YES;
				GCC_OPTIMIZATION_LEVEL = 0;
				GCC_PREPROCESSOR_DEFINITIONS = (
					"DEBUG=1",
					"$(inherited)",
				);
				GCC_WARN_64_TO_32_BIT_CONVERSION = YES;
				GCC_WARN_ABOUT_RETURN_TYPE = YES_ERROR;
				GCC_WARN_UNDECLARED_SELECTOR = YES;
				GCC_WARN_UNINITIALIZED_AUTOS = YES_AGGRESSIVE;
				GCC_WARN_UNUSED_FUNCTION = YES;
				GCC_WARN_UNUSED_VARIABLE = YES;
				IPHONEOS_DEPLOYMENT_TARGET = 15.4;
				MTL_ENABLE_DEBUG_INFO = INCLUDE_SOURCE;
				MTL_FAST_MATH = YES;
				ONLY_ACTIVE_ARCH = YES;
				SDKROOT = iphoneos;
				SWIFT_ACTIVE_COMPILATION_CONDITIONS = DEBUG;
				SWIFT_OPTIMIZATION_LEVEL = "-Onone";
			};
			name = Debug;
		};
		6393FB0C2807C68800766CED /* Release */ = {
			isa = XCBuildConfiguration;
			buildSettings = {
				ALWAYS_SEARCH_USER_PATHS = NO;
				CLANG_ANALYZER_NONNULL = YES;
				CLANG_ANALYZER_NUMBER_OBJECT_CONVERSION = YES_AGGRESSIVE;
				CLANG_CXX_LANGUAGE_STANDARD = "gnu++17";
				CLANG_ENABLE_MODULES = YES;
				CLANG_ENABLE_OBJC_ARC = YES;
				CLANG_ENABLE_OBJC_WEAK = YES;
				CLANG_WARN_BLOCK_CAPTURE_AUTORELEASING = YES;
				CLANG_WARN_BOOL_CONVERSION = YES;
				CLANG_WARN_COMMA = YES;
				CLANG_WARN_CONSTANT_CONVERSION = YES;
				CLANG_WARN_DEPRECATED_OBJC_IMPLEMENTATIONS = YES;
				CLANG_WARN_DIRECT_OBJC_ISA_USAGE = YES_ERROR;
				CLANG_WARN_DOCUMENTATION_COMMENTS = YES;
				CLANG_WARN_EMPTY_BODY = YES;
				CLANG_WARN_ENUM_CONVERSION = YES;
				CLANG_WARN_INFINITE_RECURSION = YES;
				CLANG_WARN_INT_CONVERSION = YES;
				CLANG_WARN_NON_LITERAL_NULL_CONVERSION = YES;
				CLANG_WARN_OBJC_IMPLICIT_RETAIN_SELF = YES;
				CLANG_WARN_OBJC_LITERAL_CONVERSION = YES;
				CLANG_WARN_OBJC_ROOT_CLASS = YES_ERROR;
				CLANG_WARN_QUOTED_INCLUDE_IN_FRAMEWORK_HEADER = YES;
				CLANG_WARN_RANGE_LOOP_ANALYSIS = YES;
				CLANG_WARN_STRICT_PROTOTYPES = YES;
				CLANG_WARN_SUSPICIOUS_MOVE = YES;
				CLANG_WARN_UNGUARDED_AVAILABILITY = YES_AGGRESSIVE;
				CLANG_WARN_UNREACHABLE_CODE = YES;
				CLANG_WARN__DUPLICATE_METHOD_MATCH = YES;
				COPY_PHASE_STRIP = NO;
				DEBUG_INFORMATION_FORMAT = "dwarf-with-dsym";
				ENABLE_NS_ASSERTIONS = NO;
				ENABLE_STRICT_OBJC_MSGSEND = YES;
				GCC_C_LANGUAGE_STANDARD = gnu11;
				GCC_NO_COMMON_BLOCKS = YES;
				GCC_WARN_64_TO_32_BIT_CONVERSION = YES;
				GCC_WARN_ABOUT_RETURN_TYPE = YES_ERROR;
				GCC_WARN_UNDECLARED_SELECTOR = YES;
				GCC_WARN_UNINITIALIZED_AUTOS = YES_AGGRESSIVE;
				GCC_WARN_UNUSED_FUNCTION = YES;
				GCC_WARN_UNUSED_VARIABLE = YES;
				IPHONEOS_DEPLOYMENT_TARGET = 15.4;
				MTL_ENABLE_DEBUG_INFO = NO;
				MTL_FAST_MATH = YES;
				SDKROOT = iphoneos;
				SWIFT_COMPILATION_MODE = wholemodule;
				SWIFT_OPTIMIZATION_LEVEL = "-O";
				VALIDATE_PRODUCT = YES;
			};
			name = Release;
		};
		6393FB0E2807C68800766CED /* Debug */ = {
			isa = XCBuildConfiguration;
			buildSettings = {
				ASSETCATALOG_COMPILER_APPICON_NAME = AppIcon;
				ASSETCATALOG_COMPILER_GLOBAL_ACCENT_COLOR_NAME = AccentColor;
				CODE_SIGN_STYLE = Automatic;
				CURRENT_PROJECT_VERSION = 1;
				DEVELOPMENT_ASSET_PATHS = "\"MyStocks/Preview Content\"";
				DEVELOPMENT_TEAM = 99568KA9SE;
				ENABLE_PREVIEWS = YES;
				GENERATE_INFOPLIST_FILE = YES;
				INFOPLIST_KEY_UIApplicationSceneManifest_Generation = YES;
				INFOPLIST_KEY_UIApplicationSupportsIndirectInputEvents = YES;
				INFOPLIST_KEY_UILaunchScreen_Generation = YES;
				INFOPLIST_KEY_UISupportedInterfaceOrientations_iPad = "UIInterfaceOrientationPortrait UIInterfaceOrientationPortraitUpsideDown UIInterfaceOrientationLandscapeLeft UIInterfaceOrientationLandscapeRight";
				INFOPLIST_KEY_UISupportedInterfaceOrientations_iPhone = "UIInterfaceOrientationPortrait UIInterfaceOrientationLandscapeLeft UIInterfaceOrientationLandscapeRight";
				LD_RUNPATH_SEARCH_PATHS = (
					"$(inherited)",
					"@executable_path/Frameworks",
				);
				MARKETING_VERSION = 1.0;
				PRODUCT_BUNDLE_IDENTIFIER = com.LifeWorksIQ.MyStocks;
				PRODUCT_NAME = "$(TARGET_NAME)";
				SWIFT_EMIT_LOC_STRINGS = YES;
				SWIFT_VERSION = 5.0;
				TARGETED_DEVICE_FAMILY = "1,2";
			};
			name = Debug;
		};
		6393FB0F2807C68800766CED /* Release */ = {
			isa = XCBuildConfiguration;
			buildSettings = {
				ASSETCATALOG_COMPILER_APPICON_NAME = AppIcon;
				ASSETCATALOG_COMPILER_GLOBAL_ACCENT_COLOR_NAME = AccentColor;
				CODE_SIGN_STYLE = Automatic;
				CURRENT_PROJECT_VERSION = 1;
				DEVELOPMENT_ASSET_PATHS = "\"MyStocks/Preview Content\"";
				DEVELOPMENT_TEAM = 99568KA9SE;
				ENABLE_PREVIEWS = YES;
				GENERATE_INFOPLIST_FILE = YES;
				INFOPLIST_KEY_UIApplicationSceneManifest_Generation = YES;
				INFOPLIST_KEY_UIApplicationSupportsIndirectInputEvents = YES;
				INFOPLIST_KEY_UILaunchScreen_Generation = YES;
				INFOPLIST_KEY_UISupportedInterfaceOrientations_iPad = "UIInterfaceOrientationPortrait UIInterfaceOrientationPortraitUpsideDown UIInterfaceOrientationLandscapeLeft UIInterfaceOrientationLandscapeRight";
				INFOPLIST_KEY_UISupportedInterfaceOrientations_iPhone = "UIInterfaceOrientationPortrait UIInterfaceOrientationLandscapeLeft UIInterfaceOrientationLandscapeRight";
				LD_RUNPATH_SEARCH_PATHS = (
					"$(inherited)",
					"@executable_path/Frameworks",
				);
				MARKETING_VERSION = 1.0;
				PRODUCT_BUNDLE_IDENTIFIER = com.LifeWorksIQ.MyStocks;
				PRODUCT_NAME = "$(TARGET_NAME)";
				SWIFT_EMIT_LOC_STRINGS = YES;
				SWIFT_VERSION = 5.0;
				TARGETED_DEVICE_FAMILY = "1,2";
			};
			name = Release;
		};
/* End XCBuildConfiguration section */

/* Begin XCConfigurationList section */
		6393FAFA2807C68700766CED /* Build configuration list for PBXProject "MyStocks" */ = {
			isa = XCConfigurationList;
			buildConfigurations = (
				6393FB0B2807C68800766CED /* Debug */,
				6393FB0C2807C68800766CED /* Release */,
			);
			defaultConfigurationIsVisible = 0;
			defaultConfigurationName = Release;
		};
		6393FB0D2807C68800766CED /* Build configuration list for PBXNativeTarget "MyStocks" */ = {
			isa = XCConfigurationList;
			buildConfigurations = (
				6393FB0E2807C68800766CED /* Debug */,
				6393FB0F2807C68800766CED /* Release */,
			);
			defaultConfigurationIsVisible = 0;
			defaultConfigurationName = Release;
		};
/* End XCConfigurationList section */

/* Begin XCRemoteSwiftPackageReference section */
		6393FB5A2807C78900766CED /* XCRemoteSwiftPackageReference "BetterSafariView" */ = {
			isa = XCRemoteSwiftPackageReference;
			repositoryURL = "https://github.com/stleamist/BetterSafariView.git";
			requirement = {
				branch = main;
				kind = branch;
			};
		};
/* End XCRemoteSwiftPackageReference section */

/* Begin XCSwiftPackageProductDependency section */
		6393FB5B2807C78900766CED /* BetterSafariView */ = {
			isa = XCSwiftPackageProductDependency;
			package = 6393FB5A2807C78900766CED /* XCRemoteSwiftPackageReference "BetterSafariView" */;
			productName = BetterSafariView;
		};
/* End XCSwiftPackageProductDependency section */
	};
	rootObject = 6393FAF72807C68700766CED /* Project object */;
}
